# generated by rye
# use `rye lock` or `rye sync` to update this lockfile
#
# last locked with the following flags:
#   pre: false
#   features: []
#   all-features: false
#   with-sources: false
#   generate-hashes: false
#   universal: false

-e file:.
aiohttp==3.9.5
    # via aiochris
    # via pytest-aiohttp
aiosignal==1.3.1
    # via aiohttp
async-property==0.2.2
    # via aiochris
attrs==23.2.0
    # via aiohttp
beartype==0.18.5
    # via plum-dispatch
    # via pyserde
casefy==0.1.7
    # via pyserde
coverage==7.6.0
    # via pytest-cov
frozenlist==1.4.1
    # via aiohttp
    # via aiosignal
idna==3.7
    # via yarl
iniconfig==2.0.0
    # via pytest
jinja2==3.1.4
    # via pdoc
    # via pyserde
markupsafe==2.1.5
    # via jinja2
    # via pdoc
multidict==6.0.5
    # via aiohttp
    # via yarl
mypy-extensions==1.0.0
    # via typing-inspect
packaging==24.1
    # via pytest
pdoc==14.5.1
pluggy==1.5.0
    # via pytest
plum-dispatch==2.2.2
    # via pyserde
pygments==2.18.0
    # via pdoc
pyserde==0.19.3
    # via aiochris
pytest==8.3.1
    # via pytest-aiohttp
    # via pytest-asyncio
    # via pytest-cov
    # via pytest-mock
pytest-aiohttp==1.0.5
pytest-asyncio==0.23.8
    # via pytest-aiohttp
pytest-cov==5.0.0
pytest-mock==3.14.0
typing-extensions==4.12.2
    # via pyserde
    # via typing-inspect
typing-inspect==0.9.0
    # via pyserde
yarl==1.9.4
    # via aiochris
    # via aiohttp
